
Microsoft Visual Studio Solution File, Format Version 12.00
# Visual Studio Version 17
VisualStudioVersion = 17.4.33103.184
MinimumVisualStudioVersion = 10.0.40219.1
Project("{FAE04EC0-301F-11D3-BF4B-00C04F79EFBC}") = "praka4.3", "praka4.3\praka4.3.csproj", "{8D2C8CF5-0433-4373-8C9F-5331062D59BB}"
EndProject
Global
	GlobalSection(SolutionConfigurationPlatforms) = preSolution
		Debug|Any CPU = Debug|Any CPU
		Release|Any CPU = Release|Any CPU
	EndGlobalSection
	GlobalSection(ProjectConfigurationPlatforms) = postSolution
		{8D2C8CF5-0433-4373-8C9F-5331062D59BB}.Debug|Any CPU.ActiveCfg = Debug|Any CPU
		{8D2C8CF5-0433-4373-8C9F-5331062D59BB}.Debug|Any CPU.Build.0 = Debug|Any CPU
		{8D2C8CF5-0433-4373-8C9F-5331062D59BB}.Release|Any CPU.ActiveCfg = Release|Any CPU
		{8D2C8CF5-0433-4373-8C9F-5331062D59BB}.Release|Any CPU.Build.0 = Release|Any CPU
	EndGlobalSection
	GlobalSection(SolutionProperties) = preSolution
		HideSolutionNode = FALSE
	EndGlobalSection
	GlobalSection(ExtensibilityGlobals) = postSolution
		SolutionGuid = {47884E5E-175B-40E9-A9C8-EFBC1C82763A}
	EndGlobalSection
EndGlobal
